
Microsoft Visual Studio Solution File, Format Version 12.00
# Visual Studio 2012
Project("{6141683F-8A12-4E36-9623-2EB02B2C2303}") = "PTOQuery-win-32", "PTOQuery-win-32.isproj", "{E0E57BC1-99B1-46DE-ADFE-0A003247AF0B}"
EndProject
Global
	GlobalSection(SolutionConfigurationPlatforms) = preSolution
		CD_ROM|Default = CD_ROM|Default
		DVD-5|Default = DVD-5|Default
		SingleImage|Default = SingleImage|Default
	EndGlobalSection
	GlobalSection(ProjectConfigurationPlatforms) = postSolution
		{E0E57BC1-99B1-46DE-ADFE-0A003247AF0B}.CD_ROM|Default.ActiveCfg = CD_ROM
		{E0E57BC1-99B1-46DE-ADFE-0A003247AF0B}.CD_ROM|Default.Build.0 = CD_ROM
		{E0E57BC1-99B1-46DE-ADFE-0A003247AF0B}.DVD-5|Default.ActiveCfg = DVD-5
		{E0E57BC1-99B1-46DE-ADFE-0A003247AF0B}.DVD-5|Default.Build.0 = DVD-5
		{E0E57BC1-99B1-46DE-ADFE-0A003247AF0B}.SingleImage|Default.ActiveCfg = SingleImage
		{E0E57BC1-99B1-46DE-ADFE-0A003247AF0B}.SingleImage|Default.Build.0 = SingleImage
	EndGlobalSection
	GlobalSection(SolutionProperties) = preSolution
		HideSolutionNode = FALSE
	EndGlobalSection
EndGlobal
